{
    "_readme": [
        "This file locks the dependencies of your project to a known state",
        "Read more about it at https://getcomposer.org/doc/01-basic-usage.md#installing-dependencies",
        "This file is @generated automatically"
    ],
    "content-hash": "dcc05e1193b35545e16f8e0505ab0f70",
    "packages": [
        {
            "name": "gusapi/gusapi",
            "version": "4.0.2",
            "source": {
                "type": "git",
                "url": "https://github.com/johnzuk/GusApi.git",
                "reference": "2976507596cfbd3e1401c55b9eb2a06cad9d7707"
            },
            "dist": {
                "type": "zip",
                "url": "https://api.github.com/repos/johnzuk/GusApi/zipball/2976507596cfbd3e1401c55b9eb2a06cad9d7707",
                "reference": "2976507596cfbd3e1401c55b9eb2a06cad9d7707",
                "shasum": ""
            },
            "require": {
                "ext-soap": "*",
                "php": "^7.1"
            },
            "require-dev": {
                "friendsofphp/php-cs-fixer": "^2.11",
                "phpstan/phpstan-shim": "^0.10",
                "phpunit/phpunit": "^7.0",
                "squizlabs/php_codesniffer": "dev-master"
            },
            "type": "library",
            "autoload": {
                "psr-4": {
                    "GusApi\\": "src/GusApi/"
                }
            },
            "notification-url": "https://packagist.org/downloads/",
            "license": [
                "LGPL-2.1-or-later"
            ],
            "authors": [
                {
                    "name": "Janusz Żukowicz",
                    "email": "john_zuk@wp.pl"
                }
            ],
            "description": "Gus Api Library for PHP",
            "keywords": [
                "CEIDG",
                "GUS",
                "api",
                "krs",
                "library",
                "nip",
                "regon",
                "soap"
            ],
            "time": "2018-09-09T10:35:12+00:00"
        }
    ],
    "packages-dev": [],
    "aliases": [],
    "minimum-stability": "stable",
    "stability-flags": [],
    "prefer-stable": false,
    "prefer-lowest": false,
    "platform": [],
    "platform-dev": []
}
