{
    "_readme": [
        "This file locks the dependencies of your project to a known state",
        "Read more about it at https://getcomposer.org/doc/01-basic-usage.md#installing-dependencies",
        "This file is @generated automatically"
    ],
    "content-hash": "c12648f0295df5e7ca2e337da909799f",
    "packages": [
        {
            "name": "gusapi/gusapi",
            "version": "5.0.0",
            "source": {
                "type": "git",
                "url": "https://github.com/johnzuk/GusApi.git",
                "reference": "7d5a4a3c65cf2dc6ef2bcb1ff2415619af922398"
            },
            "dist": {
                "type": "zip",
                "url": "https://api.github.com/repos/johnzuk/GusApi/zipball/7d5a4a3c65cf2dc6ef2bcb1ff2415619af922398",
                "reference": "7d5a4a3c65cf2dc6ef2bcb1ff2415619af922398",
                "shasum": ""
            },
            "require": {
                "ext-json": "*",
                "ext-simplexml": "*",
                "ext-soap": "*",
                "php": "^7.1"
            },
            "require-dev": {
                "friendsofphp/php-cs-fixer": "^2.11",
                "phpstan/phpstan-shim": "^0.11",
                "phpunit/phpunit": "^7.0",
                "squizlabs/php_codesniffer": "^3.4"
            },
            "type": "library",
            "autoload": {
                "psr-4": {
                    "GusApi\\": "src/GusApi/"
                }
            },
            "notification-url": "https://packagist.org/downloads/",
            "license": [
                "LGPL-2.1-or-later"
            ],
            "authors": [
                {
                    "name": "Janusz Żukowicz",
                    "email": "janusz.zukowicz@gmail.com"
                }
            ],
            "description": "Gus Api Library for PHP",
            "keywords": [
                "CEIDG",
                "GUS",
                "api",
                "krs",
                "library",
                "nip",
                "regon",
                "soap"
            ],
            "time": "2019-06-02T20:00:06+00:00"
        }
    ],
    "packages-dev": [],
    "aliases": [],
    "minimum-stability": "stable",
    "stability-flags": [],
    "prefer-stable": false,
    "prefer-lowest": false,
    "platform": [],
    "platform-dev": []
}
